
Microsoft Visual Studio Solution File, Format Version 12.00
# Visual Studio Version 16
VisualStudioVersion = 16.0.28803.202
MinimumVisualStudioVersion = 10.0.40219.1
Project("{FAE04EC0-301F-11D3-BF4B-00C04F79EFBC}") = "Bangumi", "Bangumi\Bangumi.csproj", "{4DECE7B1-AADA-427F-8A7C-22F73515973A}"
EndProject
Project("{9A19103F-16F7-4668-BE54-9A1E7A4F7556}") = "Bangumi.Api", "Bangumi.Api\Bangumi.Api.csproj", "{F04D2305-6D91-4B17-A0A5-D7D570CC2EDE}"
EndProject
Project("{9A19103F-16F7-4668-BE54-9A1E7A4F7556}") = "Bangumi.Data", "Bangumi.Data\Bangumi.Data.csproj", "{DAC81160-227F-4720-B921-A2AE0ECE0C4B}"
EndProject
Global
	GlobalSection(SolutionConfigurationPlatforms) = preSolution
		Debug|Any CPU = Debug|Any CPU
		Debug|ARM = Debug|ARM
		Debug|ARM64 = Debug|ARM64
		Debug|x64 = Debug|x64
		Debug|x86 = Debug|x86
		Release|Any CPU = Release|Any CPU
		Release|ARM = Release|ARM
		Release|ARM64 = Release|ARM64
		Release|x64 = Release|x64
		Release|x86 = Release|x86
	EndGlobalSection
	GlobalSection(ProjectConfigurationPlatforms) = postSolution
		{4DECE7B1-AADA-427F-8A7C-22F73515973A}.Debug|Any CPU.ActiveCfg = Debug|x86
		{4DECE7B1-AADA-427F-8A7C-22F73515973A}.Debug|ARM.ActiveCfg = Debug|ARM
		{4DECE7B1-AADA-427F-8A7C-22F73515973A}.Debug|ARM.Build.0 = Debug|ARM
		{4DECE7B1-AADA-427F-8A7C-22F73515973A}.Debug|ARM.Deploy.0 = Debug|ARM
		{4DECE7B1-AADA-427F-8A7C-22F73515973A}.Debug|ARM64.ActiveCfg = Debug|ARM64
		{4DECE7B1-AADA-427F-8A7C-22F73515973A}.Debug|ARM64.Build.0 = Debug|ARM64
		{4DECE7B1-AADA-427F-8A7C-22F73515973A}.Debug|ARM64.Deploy.0 = Debug|ARM64
		{4DECE7B1-AADA-427F-8A7C-22F73515973A}.Debug|x64.ActiveCfg = Debug|x64
		{4DECE7B1-AADA-427F-8A7C-22F73515973A}.Debug|x64.Build.0 = Debug|x64
		{4DECE7B1-AADA-427F-8A7C-22F73515973A}.Debug|x64.Deploy.0 = Debug|x64
		{4DECE7B1-AADA-427F-8A7C-22F73515973A}.Debug|x86.ActiveCfg = Debug|x86
		{4DECE7B1-AADA-427F-8A7C-22F73515973A}.Debug|x86.Build.0 = Debug|x86
		{4DECE7B1-AADA-427F-8A7C-22F73515973A}.Debug|x86.Deploy.0 = Debug|x86
		{4DECE7B1-AADA-427F-8A7C-22F73515973A}.Release|Any CPU.ActiveCfg = Release|x86
		{4DECE7B1-AADA-427F-8A7C-22F73515973A}.Release|ARM.ActiveCfg = Release|ARM
		{4DECE7B1-AADA-427F-8A7C-22F73515973A}.Release|ARM.Build.0 = Release|ARM
		{4DECE7B1-AADA-427F-8A7C-22F73515973A}.Release|ARM.Deploy.0 = Release|ARM
		{4DECE7B1-AADA-427F-8A7C-22F73515973A}.Release|ARM64.ActiveCfg = Release|ARM64
		{4DECE7B1-AADA-427F-8A7C-22F73515973A}.Release|ARM64.Build.0 = Release|ARM64
		{4DECE7B1-AADA-427F-8A7C-22F73515973A}.Release|ARM64.Deploy.0 = Release|ARM64
		{4DECE7B1-AADA-427F-8A7C-22F73515973A}.Release|x64.ActiveCfg = Release|x64
		{4DECE7B1-AADA-427F-8A7C-22F73515973A}.Release|x64.Build.0 = Release|x64
		{4DECE7B1-AADA-427F-8A7C-22F73515973A}.Release|x64.Deploy.0 = Release|x64
		{4DECE7B1-AADA-427F-8A7C-22F73515973A}.Release|x86.ActiveCfg = Release|x86
		{4DECE7B1-AADA-427F-8A7C-22F73515973A}.Release|x86.Build.0 = Release|x86
		{4DECE7B1-AADA-427F-8A7C-22F73515973A}.Release|x86.Deploy.0 = Release|x86
		{F04D2305-6D91-4B17-A0A5-D7D570CC2EDE}.Debug|Any CPU.ActiveCfg = Debug|Any CPU
		{F04D2305-6D91-4B17-A0A5-D7D570CC2EDE}.Debug|Any CPU.Build.0 = Debug|Any CPU
		{F04D2305-6D91-4B17-A0A5-D7D570CC2EDE}.Debug|ARM.ActiveCfg = Debug|Any CPU
		{F04D2305-6D91-4B17-A0A5-D7D570CC2EDE}.Debug|ARM.Build.0 = Debug|Any CPU
		{F04D2305-6D91-4B17-A0A5-D7D570CC2EDE}.Debug|ARM64.ActiveCfg = Debug|Any CPU
		{F04D2305-6D91-4B17-A0A5-D7D570CC2EDE}.Debug|ARM64.Build.0 = Debug|Any CPU
		{F04D2305-6D91-4B17-A0A5-D7D570CC2EDE}.Debug|x64.ActiveCfg = Debug|Any CPU
		{F04D2305-6D91-4B17-A0A5-D7D570CC2EDE}.Debug|x64.Build.0 = Debug|Any CPU
		{F04D2305-6D91-4B17-A0A5-D7D570CC2EDE}.Debug|x86.ActiveCfg = Debug|Any CPU
		{F04D2305-6D91-4B17-A0A5-D7D570CC2EDE}.Debug|x86.Build.0 = Debug|Any CPU
		{F04D2305-6D91-4B17-A0A5-D7D570CC2EDE}.Release|Any CPU.ActiveCfg = Release|Any CPU
		{F04D2305-6D91-4B17-A0A5-D7D570CC2EDE}.Release|Any CPU.Build.0 = Release|Any CPU
		{F04D2305-6D91-4B17-A0A5-D7D570CC2EDE}.Release|ARM.ActiveCfg = Release|Any CPU
		{F04D2305-6D91-4B17-A0A5-D7D570CC2EDE}.Release|ARM.Build.0 = Release|Any CPU
		{F04D2305-6D91-4B17-A0A5-D7D570CC2EDE}.Release|ARM64.ActiveCfg = Release|Any CPU
		{F04D2305-6D91-4B17-A0A5-D7D570CC2EDE}.Release|ARM64.Build.0 = Release|Any CPU
		{F04D2305-6D91-4B17-A0A5-D7D570CC2EDE}.Release|x64.ActiveCfg = Release|Any CPU
		{F04D2305-6D91-4B17-A0A5-D7D570CC2EDE}.Release|x64.Build.0 = Release|Any CPU
		{F04D2305-6D91-4B17-A0A5-D7D570CC2EDE}.Release|x86.ActiveCfg = Release|Any CPU
		{F04D2305-6D91-4B17-A0A5-D7D570CC2EDE}.Release|x86.Build.0 = Release|Any CPU
		{DAC81160-227F-4720-B921-A2AE0ECE0C4B}.Debug|Any CPU.ActiveCfg = Debug|Any CPU
		{DAC81160-227F-4720-B921-A2AE0ECE0C4B}.Debug|Any CPU.Build.0 = Debug|Any CPU
		{DAC81160-227F-4720-B921-A2AE0ECE0C4B}.Debug|ARM.ActiveCfg = Debug|Any CPU
		{DAC81160-227F-4720-B921-A2AE0ECE0C4B}.Debug|ARM.Build.0 = Debug|Any CPU
		{DAC81160-227F-4720-B921-A2AE0ECE0C4B}.Debug|ARM64.ActiveCfg = Debug|Any CPU
		{DAC81160-227F-4720-B921-A2AE0ECE0C4B}.Debug|ARM64.Build.0 = Debug|Any CPU
		{DAC81160-227F-4720-B921-A2AE0ECE0C4B}.Debug|x64.ActiveCfg = Debug|Any CPU
		{DAC81160-227F-4720-B921-A2AE0ECE0C4B}.Debug|x64.Build.0 = Debug|Any CPU
		{DAC81160-227F-4720-B921-A2AE0ECE0C4B}.Debug|x86.ActiveCfg = Debug|Any CPU
		{DAC81160-227F-4720-B921-A2AE0ECE0C4B}.Debug|x86.Build.0 = Debug|Any CPU
		{DAC81160-227F-4720-B921-A2AE0ECE0C4B}.Release|Any CPU.ActiveCfg = Release|Any CPU
		{DAC81160-227F-4720-B921-A2AE0ECE0C4B}.Release|Any CPU.Build.0 = Release|Any CPU
		{DAC81160-227F-4720-B921-A2AE0ECE0C4B}.Release|ARM.ActiveCfg = Release|Any CPU
		{DAC81160-227F-4720-B921-A2AE0ECE0C4B}.Release|ARM.Build.0 = Release|Any CPU
		{DAC81160-227F-4720-B921-A2AE0ECE0C4B}.Release|ARM64.ActiveCfg = Release|Any CPU
		{DAC81160-227F-4720-B921-A2AE0ECE0C4B}.Release|ARM64.Build.0 = Release|Any CPU
		{DAC81160-227F-4720-B921-A2AE0ECE0C4B}.Release|x64.ActiveCfg = Release|Any CPU
		{DAC81160-227F-4720-B921-A2AE0ECE0C4B}.Release|x64.Build.0 = Release|Any CPU
		{DAC81160-227F-4720-B921-A2AE0ECE0C4B}.Release|x86.ActiveCfg = Release|Any CPU
		{DAC81160-227F-4720-B921-A2AE0ECE0C4B}.Release|x86.Build.0 = Release|Any CPU
	EndGlobalSection
	GlobalSection(SolutionProperties) = preSolution
		HideSolutionNode = FALSE
	EndGlobalSection
	GlobalSection(ExtensibilityGlobals) = postSolution
		SolutionGuid = {BA200591-A4A8-4D3C-9DDB-FBA573F865A7}
	EndGlobalSection
EndGlobal
